// !$*UTF8*$!
{
	archiveVersion = 1;
	classes = {
	};
	objectVersion = 51;
	objects = {

/* Begin PBXBuildFile section */
		48E1C8321714B8573C19414C /* Pods_Todoey.framework in Frameworks */ = {isa = PBXBuildFile; fileRef = BB34AE4266CD52D54EB9FF22 /* Pods_Todoey.framework */; };
		4B2751F422D1816A00670F69 /* SwipeTableViewController.swift in Sources */ = {isa = PBXBuildFile; fileRef = 4B2751F322D1816A00670F69 /* SwipeTableViewController.swift */; };
		4B2B093722CC310C00719E92 /* CategoryViewController.swift in Sources */ = {isa = PBXBuildFile; fileRef = 4B2B093622CC310C00719E92 /* CategoryViewController.swift */; };
		4B663D6722CD4F9900B31F2F /* Item.swift in Sources */ = {isa = PBXBuildFile; fileRef = 4B663D6622CD4F9900B31F2F /* Item.swift */; };
		4B663D6922CD4FAB00B31F2F /* Category.swift in Sources */ = {isa = PBXBuildFile; fileRef = 4B663D6822CD4FAB00B31F2F /* Category.swift */; };
		4BEF9DFC22C5257B002E645F /* AppDelegate.swift in Sources */ = {isa = PBXBuildFile; fileRef = 4BEF9DFB22C5257B002E645F /* AppDelegate.swift */; };
		4BEF9DFE22C5257B002E645F /* TodoListViewController.swift in Sources */ = {isa = PBXBuildFile; fileRef = 4BEF9DFD22C5257B002E645F /* TodoListViewController.swift */; };
		4BEF9E0122C5257B002E645F /* Main.storyboard in Resources */ = {isa = PBXBuildFile; fileRef = 4BEF9DFF22C5257B002E645F /* Main.storyboard */; };
		4BEF9E0322C5257D002E645F /* Assets.xcassets in Resources */ = {isa = PBXBuildFile; fileRef = 4BEF9E0222C5257D002E645F /* Assets.xcassets */; };
		4BEF9E0622C5257D002E645F /* LaunchScreen.storyboard in Resources */ = {isa = PBXBuildFile; fileRef = 4BEF9E0422C5257D002E645F /* LaunchScreen.storyboard */; };
/* End PBXBuildFile section */

/* Begin PBXFileReference section */
		4B2751F322D1816A00670F69 /* SwipeTableViewController.swift */ = {isa = PBXFileReference; lastKnownFileType = sourcecode.swift; path = SwipeTableViewController.swift; sourceTree = "<group>"; };
		4B2B093622CC310C00719E92 /* CategoryViewController.swift */ = {isa = PBXFileReference; lastKnownFileType = sourcecode.swift; path = CategoryViewController.swift; sourceTree = "<group>"; };
		4B663D6622CD4F9900B31F2F /* Item.swift */ = {isa = PBXFileReference; lastKnownFileType = sourcecode.swift; path = Item.swift; sourceTree = "<group>"; };
		4B663D6822CD4FAB00B31F2F /* Category.swift */ = {isa = PBXFileReference; lastKnownFileType = sourcecode.swift; path = Category.swift; sourceTree = "<group>"; };
		4BEF9DF822C5257B002E645F /* Todoey.app */ = {isa = PBXFileReference; explicitFileType = wrapper.application; includeInIndex = 0; path = Todoey.app; sourceTree = BUILT_PRODUCTS_DIR; };
		4BEF9DFB22C5257B002E645F /* AppDelegate.swift */ = {isa = PBXFileReference; lastKnownFileType = sourcecode.swift; path = AppDelegate.swift; sourceTree = "<group>"; };
		4BEF9DFD22C5257B002E645F /* TodoListViewController.swift */ = {isa = PBXFileReference; lastKnownFileType = sourcecode.swift; path = TodoListViewController.swift; sourceTree = "<group>"; };
		4BEF9E0022C5257B002E645F /* Base */ = {isa = PBXFileReference; lastKnownFileType = file.storyboard; name = Base; path = Base.lproj/Main.storyboard; sourceTree = "<group>"; };
		4BEF9E0222C5257D002E645F /* Assets.xcassets */ = {isa = PBXFileReference; lastKnownFileType = folder.assetcatalog; path = Assets.xcassets; sourceTree = "<group>"; };
		4BEF9E0522C5257D002E645F /* Base */ = {isa = PBXFileReference; lastKnownFileType = file.storyboard; name = Base; path = Base.lproj/LaunchScreen.storyboard; sourceTree = "<group>"; };
		4BEF9E0722C5257D002E645F /* Info.plist */ = {isa = PBXFileReference; lastKnownFileType = text.plist.xml; path = Info.plist; sourceTree = "<group>"; };
		9FFC671D5F6224E169287888 /* Pods-Todoey.release.xcconfig */ = {isa = PBXFileReference; includeInIndex = 1; lastKnownFileType = text.xcconfig; name = "Pods-Todoey.release.xcconfig"; path = "Target Support Files/Pods-Todoey/Pods-Todoey.release.xcconfig"; sourceTree = "<group>"; };
		BB34AE4266CD52D54EB9FF22 /* Pods_Todoey.framework */ = {isa = PBXFileReference; explicitFileType = wrapper.framework; includeInIndex = 0; path = Pods_Todoey.framework; sourceTree = BUILT_PRODUCTS_DIR; };
		FA6B591CEDABDBA12D08612B /* Pods-Todoey.debug.xcconfig */ = {isa = PBXFileReference; includeInIndex = 1; lastKnownFileType = text.xcconfig; name = "Pods-Todoey.debug.xcconfig"; path = "Target Support Files/Pods-Todoey/Pods-Todoey.debug.xcconfig"; sourceTree = "<group>"; };
/* End PBXFileReference section */

/* Begin PBXFrameworksBuildPhase section */
		4BEF9DF522C5257A002E645F /* Frameworks */ = {
			isa = PBXFrameworksBuildPhase;
			buildActionMask = 2147483647;
			files = (
				48E1C8321714B8573C19414C /* Pods_Todoey.framework in Frameworks */,
			);
			runOnlyForDeploymentPostprocessing = 0;
		};
/* End PBXFrameworksBuildPhase section */

/* Begin PBXGroup section */
		4BCEB8E422CAACC6005738E8 /* Model */ = {
			isa = PBXGroup;
			children = (
				4B663D6822CD4FAB00B31F2F /* Category.swift */,
				4B663D6622CD4F9900B31F2F /* Item.swift */,
			);
			path = Model;
			sourceTree = "<group>";
		};
		4BCEB8E722CAAD94005738E8 /* Controllers */ = {
			isa = PBXGroup;
			children = (
				4BEF9DFB22C5257B002E645F /* AppDelegate.swift */,
				4B2B093622CC310C00719E92 /* CategoryViewController.swift */,
				4BEF9DFD22C5257B002E645F /* TodoListViewController.swift */,
				4B2751F322D1816A00670F69 /* SwipeTableViewController.swift */,
			);
			path = Controllers;
			sourceTree = "<group>";
		};
		4BCEB8E822CAADA3005738E8 /* Views */ = {
			isa = PBXGroup;
			children = (
				4BEF9DFF22C5257B002E645F /* Main.storyboard */,
			);
			path = Views;
			sourceTree = "<group>";
		};
		4BCEB8E922CAADCE005738E8 /* Supporting Files */ = {
			isa = PBXGroup;
			children = (
				4BEF9E0222C5257D002E645F /* Assets.xcassets */,
				4BEF9E0422C5257D002E645F /* LaunchScreen.storyboard */,
			);
			path = "Supporting Files";
			sourceTree = "<group>";
		};
		4BEF9DEF22C5257A002E645F = {
			isa = PBXGroup;
			children = (
				4BEF9DFA22C5257B002E645F /* Todoey */,
				4BEF9DF922C5257B002E645F /* Products */,
				67186F4A8E68AF79A2FD566D /* Pods */,
				F4B2F7E5ECCFA3A47D9F3D6D /* Frameworks */,
			);
			sourceTree = "<group>";
		};
		4BEF9DF922C5257B002E645F /* Products */ = {
			isa = PBXGroup;
			children = (
				4BEF9DF822C5257B002E645F /* Todoey.app */,
			);
			name = Products;
			sourceTree = "<group>";
		};
		4BEF9DFA22C5257B002E645F /* Todoey */ = {
			isa = PBXGroup;
			children = (
				4BCEB8E422CAACC6005738E8 /* Model */,
				4BCEB8E722CAAD94005738E8 /* Controllers */,
				4BCEB8E822CAADA3005738E8 /* Views */,
				4BCEB8E922CAADCE005738E8 /* Supporting Files */,
				4BEF9E0722C5257D002E645F /* Info.plist */,
			);
			path = Todoey;
			sourceTree = "<group>";
		};
		67186F4A8E68AF79A2FD566D /* Pods */ = {
			isa = PBXGroup;
			children = (
				FA6B591CEDABDBA12D08612B /* Pods-Todoey.debug.xcconfig */,
				9FFC671D5F6224E169287888 /* Pods-Todoey.release.xcconfig */,
			);
			path = Pods;
			sourceTree = "<group>";
		};
		F4B2F7E5ECCFA3A47D9F3D6D /* Frameworks */ = {
			isa = PBXGroup;
			children = (
				BB34AE4266CD52D54EB9FF22 /* Pods_Todoey.framework */,
			);
			name = Frameworks;
			sourceTree = "<group>";
		};
/* End PBXGroup section */

/* Begin PBXNativeTarget section */
		4BEF9DF722C5257A002E645F /* Todoey */ = {
			isa = PBXNativeTarget;
			buildConfigurationList = 4BEF9E0A22C5257D002E645F /* Build configuration list for PBXNativeTarget "Todoey" */;
			buildPhases = (
				5A92BB2B2FC2CC739CF3D1A5 /* [CP] Check Pods Manifest.lock */,
				4BEF9DF422C5257A002E645F /* Sources */,
				4BEF9DF522C5257A002E645F /* Frameworks */,
				4BEF9DF622C5257A002E645F /* Resources */,
				24F17F4315F64F9E73C335F3 /* [CP] Embed Pods Frameworks */,
			);
			buildRules = (
			);
			dependencies = (
			);
			name = Todoey;
			productName = Todoey;
			productReference = 4BEF9DF822C5257B002E645F /* Todoey.app */;
			productType = "com.apple.product-type.application";
		};
/* End PBXNativeTarget section */

/* Begin PBXProject section */
		4BEF9DF022C5257A002E645F /* Project object */ = {
			isa = PBXProject;
			attributes = {
				LastSwiftUpdateCheck = 0930;
				LastUpgradeCheck = 0930;
				ORGANIZATIONNAME = "Maria Haiji";
				TargetAttributes = {
					4BEF9DF722C5257A002E645F = {
						CreatedOnToolsVersion = 9.3.1;
						LastSwiftMigration = 1020;
					};
				};
			};
			buildConfigurationList = 4BEF9DF322C5257A002E645F /* Build configuration list for PBXProject "Todoey" */;
			compatibilityVersion = "Xcode 9.3";
			developmentRegion = en;
			hasScannedForEncodings = 0;
			knownRegions = (
				en,
				Base,
			);
			mainGroup = 4BEF9DEF22C5257A002E645F;
			productRefGroup = 4BEF9DF922C5257B002E645F /* Products */;
			projectDirPath = "";
			projectRoot = "";
			targets = (
				4BEF9DF722C5257A002E645F /* Todoey */,
			);
		};
/* End PBXProject section */

/* Begin PBXResourcesBuildPhase section */
		4BEF9DF622C5257A002E645F /* Resources */ = {
			isa = PBXResourcesBuildPhase;
			buildActionMask = 2147483647;
			files = (
				4BEF9E0622C5257D002E645F /* LaunchScreen.storyboard in Resources */,
				4BEF9E0322C5257D002E645F /* Assets.xcassets in Resources */,
				4BEF9E0122C5257B002E645F /* Main.storyboard in Resources */,
			);
			runOnlyForDeploymentPostprocessing = 0;
		};
/* End PBXResourcesBuildPhase section */

/* Begin PBXShellScriptBuildPhase section */
		24F17F4315F64F9E73C335F3 /* [CP] Embed Pods Frameworks */ = {
			isa = PBXShellScriptBuildPhase;
			buildActionMask = 2147483647;
			files = (
			);
			inputFileListPaths = (
				"${PODS_ROOT}/Target Support Files/Pods-Todoey/Pods-Todoey-frameworks-${CONFIGURATION}-input-files.xcfilelist",
			);
			name = "[CP] Embed Pods Frameworks";
			outputFileListPaths = (
				"${PODS_ROOT}/Target Support Files/Pods-Todoey/Pods-Todoey-frameworks-${CONFIGURATION}-output-files.xcfilelist",
			);
			runOnlyForDeploymentPostprocessing = 0;
			shellPath = /bin/sh;
			shellScript = "\"${PODS_ROOT}/Target Support Files/Pods-Todoey/Pods-Todoey-frameworks.sh\"\n";
			showEnvVarsInLog = 0;
		};
		5A92BB2B2FC2CC739CF3D1A5 /* [CP] Check Pods Manifest.lock */ = {
			isa = PBXShellScriptBuildPhase;
			buildActionMask = 2147483647;
			files = (
			);
			inputFileListPaths = (
			);
			inputPaths = (
				"${PODS_PODFILE_DIR_PATH}/Podfile.lock",
				"${PODS_ROOT}/Manifest.lock",
			);
			name = "[CP] Check Pods Manifest.lock";
			outputFileListPaths = (
			);
			outputPaths = (
				"$(DERIVED_FILE_DIR)/Pods-Todoey-checkManifestLockResult.txt",
			);
			runOnlyForDeploymentPostprocessing = 0;
			shellPath = /bin/sh;
			shellScript = "diff \"${PODS_PODFILE_DIR_PATH}/Podfile.lock\" \"${PODS_ROOT}/Manifest.lock\" > /dev/null\nif [ $? != 0 ] ; then\n    # print error to STDERR\n    echo \"error: The sandbox is not in sync with the Podfile.lock. Run 'pod install' or update your CocoaPods installation.\" >&2\n    exit 1\nfi\n# This output is used by Xcode 'outputs' to avoid re-running this script phase.\necho \"SUCCESS\" > \"${SCRIPT_OUTPUT_FILE_0}\"\n";
			showEnvVarsInLog = 0;
		};
/* End PBXShellScriptBuildPhase section */

/* Begin PBXSourcesBuildPhase section */
		4BEF9DF422C5257A002E645F /* Sources */ = {
			isa = PBXSourcesBuildPhase;
			buildActionMask = 2147483647;
			files = (
				4B663D6722CD4F9900B31F2F /* Item.swift in Sources */,
				4B2B093722CC310C00719E92 /* CategoryViewController.swift in Sources */,
				4BEF9DFE22C5257B002E645F /* TodoListViewController.swift in Sources */,
				4BEF9DFC22C5257B002E645F /* AppDelegate.swift in Sources */,
				4B2751F422D1816A00670F69 /* SwipeTableViewController.swift in Sources */,
				4B663D6922CD4FAB00B31F2F /* Category.swift in Sources */,
			);
			runOnlyForDeploymentPostprocessing = 0;
		};
/* End PBXSourcesBuildPhase section */

/* Begin PBXVariantGroup section */
		4BEF9DFF22C5257B002E645F /* Main.storyboard */ = {
			isa = PBXVariantGroup;
			children = (
				4BEF9E0022C5257B002E645F /* Base */,
			);
			name = Main.storyboard;
			sourceTree = "<group>";
		};
		4BEF9E0422C5257D002E645F /* LaunchScreen.storyboard */ = {
			isa = PBXVariantGroup;
			children = (
				4BEF9E0522C5257D002E645F /* Base */,
			);
			name = LaunchScreen.storyboard;
			sourceTree = "<group>";
		};
/* End PBXVariantGroup section */

/* Begin XCBuildConfiguration section */
		4BEF9E0822C5257D002E645F /* Debug */ = {
			isa = XCBuildConfiguration;
			buildSettings = {
				ALWAYS_SEARCH_USER_PATHS = NO;
				CLANG_ANALYZER_NONNULL = YES;
				CLANG_ANALYZER_NUMBER_OBJECT_CONVERSION = YES_AGGRESSIVE;
				CLANG_CXX_LANGUAGE_STANDARD = "gnu++14";
				CLANG_CXX_LIBRARY = "libc++";
				CLANG_ENABLE_MODULES = YES;
				CLANG_ENABLE_OBJC_ARC = YES;
				CLANG_ENABLE_OBJC_WEAK = YES;
				CLANG_WARN_BLOCK_CAPTURE_AUTORELEASING = YES;
				CLANG_WARN_BOOL_CONVERSION = YES;
				CLANG_WARN_COMMA = YES;
				CLANG_WARN_CONSTANT_CONVERSION = YES;
				CLANG_WARN_DEPRECATED_OBJC_IMPLEMENTATIONS = YES;
				CLANG_WARN_DIRECT_OBJC_ISA_USAGE = YES_ERROR;
				CLANG_WARN_DOCUMENTATION_COMMENTS = YES;
				CLANG_WARN_EMPTY_BODY = YES;
				CLANG_WARN_ENUM_CONVERSION = YES;
				CLANG_WARN_INFINITE_RECURSION = YES;
				CLANG_WARN_INT_CONVERSION = YES;
				CLANG_WARN_NON_LITERAL_NULL_CONVERSION = YES;
				CLANG_WARN_OBJC_IMPLICIT_RETAIN_SELF = YES;
				CLANG_WARN_OBJC_LITERAL_CONVERSION = YES;
				CLANG_WARN_OBJC_ROOT_CLASS = YES_ERROR;
				CLANG_WARN_RANGE_LOOP_ANALYSIS = YES;
				CLANG_WARN_STRICT_PROTOTYPES = YES;
				CLANG_WARN_SUSPICIOUS_MOVE = YES;
				CLANG_WARN_UNGUARDED_AVAILABILITY = YES_AGGRESSIVE;
				CLANG_WARN_UNREACHABLE_CODE = YES;
				CLANG_WARN__DUPLICATE_METHOD_MATCH = YES;
				CODE_SIGN_IDENTITY = "iPhone Developer";
				COPY_PHASE_STRIP = NO;
				DEBUG_INFORMATION_FORMAT = dwarf;
				ENABLE_STRICT_OBJC_MSGSEND = YES;
				ENABLE_TESTABILITY = YES;
				GCC_C_LANGUAGE_STANDARD = gnu11;
				GCC_DYNAMIC_NO_PIC = NO;
				GCC_NO_COMMON_BLOCKS = YES;
				GCC_OPTIMIZATION_LEVEL = 0;
				GCC_PREPROCESSOR_DEFINITIONS = (
					"DEBUG=1",
					"$(inherited)",
				);
				GCC_WARN_64_TO_32_BIT_CONVERSION = YES;
				GCC_WARN_ABOUT_RETURN_TYPE = YES_ERROR;
				GCC_WARN_UNDECLARED_SELECTOR = YES;
				GCC_WARN_UNINITIALIZED_AUTOS = YES_AGGRESSIVE;
				GCC_WARN_UNUSED_FUNCTION = YES;
				GCC_WARN_UNUSED_VARIABLE = YES;
				IPHONEOS_DEPLOYMENT_TARGET = 11.3;
				MTL_ENABLE_DEBUG_INFO = YES;
				ONLY_ACTIVE_ARCH = YES;
				SDKROOT = iphoneos;
				SWIFT_ACTIVE_COMPILATION_CONDITIONS = DEBUG;
				SWIFT_OPTIMIZATION_LEVEL = "-Onone";
			};
			name = Debug;
		};
		4BEF9E0922C5257D002E645F /* Release */ = {
			isa = XCBuildConfiguration;
			buildSettings = {
				ALWAYS_SEARCH_USER_PATHS = NO;
				CLANG_ANALYZER_NONNULL = YES;
				CLANG_ANALYZER_NUMBER_OBJECT_CONVERSION = YES_AGGRESSIVE;
				CLANG_CXX_LANGUAGE_STANDARD = "gnu++14";
				CLANG_CXX_LIBRARY = "libc++";
				CLANG_ENABLE_MODULES = YES;
				CLANG_ENABLE_OBJC_ARC = YES;
				CLANG_ENABLE_OBJC_WEAK = YES;
				CLANG_WARN_BLOCK_CAPTURE_AUTORELEASING = YES;
				CLANG_WARN_BOOL_CONVERSION = YES;
				CLANG_WARN_COMMA = YES;
				CLANG_WARN_CONSTANT_CONVERSION = YES;
				CLANG_WARN_DEPRECATED_OBJC_IMPLEMENTATIONS = YES;
				CLANG_WARN_DIRECT_OBJC_ISA_USAGE = YES_ERROR;
				CLANG_WARN_DOCUMENTATION_COMMENTS = YES;
				CLANG_WARN_EMPTY_BODY = YES;
				CLANG_WARN_ENUM_CONVERSION = YES;
				CLANG_WARN_INFINITE_RECURSION = YES;
				CLANG_WARN_INT_CONVERSION = YES;
				CLANG_WARN_NON_LITERAL_NULL_CONVERSION = YES;
				CLANG_WARN_OBJC_IMPLICIT_RETAIN_SELF = YES;
				CLANG_WARN_OBJC_LITERAL_CONVERSION = YES;
				CLANG_WARN_OBJC_ROOT_CLASS = YES_ERROR;
				CLANG_WARN_RANGE_LOOP_ANALYSIS = YES;
				CLANG_WARN_STRICT_PROTOTYPES = YES;
				CLANG_WARN_SUSPICIOUS_MOVE = YES;
				CLANG_WARN_UNGUARDED_AVAILABILITY = YES_AGGRESSIVE;
				CLANG_WARN_UNREACHABLE_CODE = YES;
				CLANG_WARN__DUPLICATE_METHOD_MATCH = YES;
				CODE_SIGN_IDENTITY = "iPhone Developer";
				COPY_PHASE_STRIP = NO;
				DEBUG_INFORMATION_FORMAT = "dwarf-with-dsym";
				ENABLE_NS_ASSERTIONS = NO;
				ENABLE_STRICT_OBJC_MSGSEND = YES;
				GCC_C_LANGUAGE_STANDARD = gnu11;
				GCC_NO_COMMON_BLOCKS = YES;
				GCC_WARN_64_TO_32_BIT_CONVERSION = YES;
				GCC_WARN_ABOUT_RETURN_TYPE = YES_ERROR;
				GCC_WARN_UNDECLARED_SELECTOR = YES;
				GCC_WARN_UNINITIALIZED_AUTOS = YES_AGGRESSIVE;
				GCC_WARN_UNUSED_FUNCTION = YES;
				GCC_WARN_UNUSED_VARIABLE = YES;
				IPHONEOS_DEPLOYMENT_TARGET = 11.3;
				MTL_ENABLE_DEBUG_INFO = NO;
				SDKROOT = iphoneos;
				SWIFT_COMPILATION_MODE = wholemodule;
				SWIFT_OPTIMIZATION_LEVEL = "-O";
				VALIDATE_PRODUCT = YES;
			};
			name = Release;
		};
		4BEF9E0B22C5257D002E645F /* Debug */ = {
			isa = XCBuildConfiguration;
			baseConfigurationReference = FA6B591CEDABDBA12D08612B /* Pods-Todoey.debug.xcconfig */;
			buildSettings = {
				ASSETCATALOG_COMPILER_APPICON_NAME = AppIcon;
				CODE_SIGN_STYLE = Automatic;
				INFOPLIST_FILE = Todoey/Info.plist;
				LD_RUNPATH_SEARCH_PATHS = (
					"$(inherited)",
					"@executable_path/Frameworks",
				);
				PRODUCT_BUNDLE_IDENTIFIER = com.mariahaiji.Todoey;
				PRODUCT_NAME = "$(TARGET_NAME)";
				SWIFT_VERSION = 5.0;
				TARGETED_DEVICE_FAMILY = "1,2";
			};
			name = Debug;
		};
		4BEF9E0C22C5257D002E645F /* Release */ = {
			isa = XCBuildConfiguration;
			baseConfigurationReference = 9FFC671D5F6224E169287888 /* Pods-Todoey.release.xcconfig */;
			buildSettings = {
				ASSETCATALOG_COMPILER_APPICON_NAME = AppIcon;
				CODE_SIGN_STYLE = Automatic;
				INFOPLIST_FILE = Todoey/Info.plist;
				LD_RUNPATH_SEARCH_PATHS = (
					"$(inherited)",
					"@executable_path/Frameworks",
				);
				PRODUCT_BUNDLE_IDENTIFIER = com.mariahaiji.Todoey;
				PRODUCT_NAME = "$(TARGET_NAME)";
				SWIFT_VERSION = 5.0;
				TARGETED_DEVICE_FAMILY = "1,2";
			};
			name = Release;
		};
/* End XCBuildConfiguration section */

/* Begin XCConfigurationList section */
		4BEF9DF322C5257A002E645F /* Build configuration list for PBXProject "Todoey" */ = {
			isa = XCConfigurationList;
			buildConfigurations = (
				4BEF9E0822C5257D002E645F /* Debug */,
				4BEF9E0922C5257D002E645F /* Release */,
			);
			defaultConfigurationIsVisible = 0;
			defaultConfigurationName = Release;
		};
		4BEF9E0A22C5257D002E645F /* Build configuration list for PBXNativeTarget "Todoey" */ = {
			isa = XCConfigurationList;
			buildConfigurations = (
				4BEF9E0B22C5257D002E645F /* Debug */,
				4BEF9E0C22C5257D002E645F /* Release */,
			);
			defaultConfigurationIsVisible = 0;
			defaultConfigurationName = Release;
		};
/* End XCConfigurationList section */
	};
	rootObject = 4BEF9DF022C5257A002E645F /* Project object */;
}
